
Microsoft Visual Studio Solution File, Format Version 12.00
# Visual Studio Version 17
VisualStudioVersion = 17.3.32901.215
MinimumVisualStudioVersion = 10.0.40219.1
Project("{FAE04EC0-301F-11D3-BF4B-00C04F79EFBC}") = "ConsoleApp1", "ConsoleApp1.csproj", "{AC08FFC1-B97A-430E-89A6-B3F927CCC6E2}"
EndProject
Global
	GlobalSection(SolutionConfigurationPlatforms) = preSolution
		Debug|Any CPU = Debug|Any CPU
		Release|Any CPU = Release|Any CPU
	EndGlobalSection
	GlobalSection(ProjectConfigurationPlatforms) = postSolution
		{AC08FFC1-B97A-430E-89A6-B3F927CCC6E2}.Debug|Any CPU.ActiveCfg = Debug|Any CPU
		{AC08FFC1-B97A-430E-89A6-B3F927CCC6E2}.Debug|Any CPU.Build.0 = Debug|Any CPU
		{AC08FFC1-B97A-430E-89A6-B3F927CCC6E2}.Release|Any CPU.ActiveCfg = Release|Any CPU
		{AC08FFC1-B97A-430E-89A6-B3F927CCC6E2}.Release|Any CPU.Build.0 = Release|Any CPU
	EndGlobalSection
	GlobalSection(SolutionProperties) = preSolution
		HideSolutionNode = FALSE
	EndGlobalSection
	GlobalSection(ExtensibilityGlobals) = postSolution
		SolutionGuid = {F60B0256-6794-4761-B901-83B25683F47E}
	EndGlobalSection
EndGlobal
